
Microsoft Visual Studio Solution File, Format Version 12.00
# Visual Studio Version 17
VisualStudioVersion = 17.11.35327.3
MinimumVisualStudioVersion = 10.0.40219.1
Project("{FAE04EC0-301F-11D3-BF4B-00C04F79EFBC}") = "ConsoleApp7", "ConsoleApp7.csproj", "{06DB09EC-7ECB-4F4B-963A-65B4B196855C}"
EndProject
Global
	GlobalSection(SolutionConfigurationPlatforms) = preSolution
		Debug|Any CPU = Debug|Any CPU
		Release|Any CPU = Release|Any CPU
	EndGlobalSection
	GlobalSection(ProjectConfigurationPlatforms) = postSolution
		{06DB09EC-7ECB-4F4B-963A-65B4B196855C}.Debug|Any CPU.ActiveCfg = Debug|Any CPU
		{06DB09EC-7ECB-4F4B-963A-65B4B196855C}.Debug|Any CPU.Build.0 = Debug|Any CPU
		{06DB09EC-7ECB-4F4B-963A-65B4B196855C}.Release|Any CPU.ActiveCfg = Release|Any CPU
		{06DB09EC-7ECB-4F4B-963A-65B4B196855C}.Release|Any CPU.Build.0 = Release|Any CPU
	EndGlobalSection
	GlobalSection(SolutionProperties) = preSolution
		HideSolutionNode = FALSE
	EndGlobalSection
	GlobalSection(ExtensibilityGlobals) = postSolution
		SolutionGuid = {2AB8F7ED-C209-4AAB-B70C-4F3C466CEA94}
	EndGlobalSection
EndGlobal
